
Microsoft Visual Studio Solution File, Format Version 12.00
# Visual Studio Version 16
VisualStudioVersion = 16.0.31729.503
MinimumVisualStudioVersion = 10.0.40219.1
Project("{FAE04EC0-301F-11D3-BF4B-00C04F79EFBC}") = "keepassrfid", "keepassrfid\keepassrfid.csproj", "{827F52C8-1004-46C1-A5C2-D60CD53B9609}"
EndProject
Global
	GlobalSection(SolutionConfigurationPlatforms) = preSolution
		Debug|Any CPU = Debug|Any CPU
		Release|Any CPU = Release|Any CPU
	EndGlobalSection
	GlobalSection(ProjectConfigurationPlatforms) = postSolution
		{827F52C8-1004-46C1-A5C2-D60CD53B9609}.Debug|Any CPU.ActiveCfg = Debug|Any CPU
		{827F52C8-1004-46C1-A5C2-D60CD53B9609}.Debug|Any CPU.Build.0 = Debug|Any CPU
		{827F52C8-1004-46C1-A5C2-D60CD53B9609}.Release|Any CPU.ActiveCfg = Release|Any CPU
		{827F52C8-1004-46C1-A5C2-D60CD53B9609}.Release|Any CPU.Build.0 = Release|Any CPU
	EndGlobalSection
	GlobalSection(SolutionProperties) = preSolution
		HideSolutionNode = FALSE
	EndGlobalSection
EndGlobal
